%{
  "gradient_macros": {:git, "https://github.com/esl/gradient_macros.git", "bf5a066a6abd90cc63281d7ccb8eb7ac0fed0e64", [ref: "bf5a066"]},
  "gradient_runtime": {:git, "https://github.com/esl/gradient_runtime.git", "ee8de905a6d262833faf84f583609aa9e79ae953", [ref: "ee8de90"]},
  "gradualizer": {:git, "https://github.com/josefs/Gradualizer.git", "5567a232df543ce23296bd9d27a14dc81a9ff188", [ref: "5567a23"]},
}
